// !$*UTF8*$!
{
	archiveVersion = 1;
	classes = {
	};
	objectVersion = 51;
	objects = {

/* Begin PBXBuildFile section */
		37D11446257EBFA60039F77F /* AppDelegate.swift in Sources */ = {isa = PBXBuildFile; fileRef = 37D11445257EBFA60039F77F /* AppDelegate.swift */; };
		37D11448257EBFA60039F77F /* SceneDelegate.swift in Sources */ = {isa = PBXBuildFile; fileRef = 37D11447257EBFA60039F77F /* SceneDelegate.swift */; };
		37D1144D257EBFA60039F77F /* Main.storyboard in Resources */ = {isa = PBXBuildFile; fileRef = 37D1144B257EBFA60039F77F /* Main.storyboard */; };
		37D1144F257EBFA80039F77F /* Assets.xcassets in Resources */ = {isa = PBXBuildFile; fileRef = 37D1144E257EBFA80039F77F /* Assets.xcassets */; };
		37D11452257EBFA80039F77F /* LaunchScreen.storyboard in Resources */ = {isa = PBXBuildFile; fileRef = 37D11450257EBFA80039F77F /* LaunchScreen.storyboard */; };
		37D1145E257EC08D0039F77F /* NewsTableViewController.swift in Sources */ = {isa = PBXBuildFile; fileRef = 37D1145D257EC08D0039F77F /* NewsTableViewController.swift */; };
		37D11463257ED8160039F77F /* Article.swift in Sources */ = {isa = PBXBuildFile; fileRef = 37D11462257ED8160039F77F /* Article.swift */; };
		37D1146D257EDA9F0039F77F /* URLRequest+Extensions.swift in Sources */ = {isa = PBXBuildFile; fileRef = 37D1146C257EDA9F0039F77F /* URLRequest+Extensions.swift */; };
		37D11472257EDDE20039F77F /* ArticleViewModel.swift in Sources */ = {isa = PBXBuildFile; fileRef = 37D11471257EDDE20039F77F /* ArticleViewModel.swift */; };
		37D11477257EE1240039F77F /* ArticleTableViewCell.swift in Sources */ = {isa = PBXBuildFile; fileRef = 37D11476257EE1240039F77F /* ArticleTableViewCell.swift */; };
		804A2850ABD2A7D5F829AB94 /* Pods_NewsAppMVVM.framework in Frameworks */ = {isa = PBXBuildFile; fileRef = 0C703E4A00F5BC1A40628020 /* Pods_NewsAppMVVM.framework */; };
/* End PBXBuildFile section */

/* Begin PBXFileReference section */
		0C703E4A00F5BC1A40628020 /* Pods_NewsAppMVVM.framework */ = {isa = PBXFileReference; explicitFileType = wrapper.framework; includeInIndex = 0; path = Pods_NewsAppMVVM.framework; sourceTree = BUILT_PRODUCTS_DIR; };
		37D11442257EBFA60039F77F /* NewsAppMVVM.app */ = {isa = PBXFileReference; explicitFileType = wrapper.application; includeInIndex = 0; path = NewsAppMVVM.app; sourceTree = BUILT_PRODUCTS_DIR; };
		37D11445257EBFA60039F77F /* AppDelegate.swift */ = {isa = PBXFileReference; lastKnownFileType = sourcecode.swift; path = AppDelegate.swift; sourceTree = "<group>"; };
		37D11447257EBFA60039F77F /* SceneDelegate.swift */ = {isa = PBXFileReference; lastKnownFileType = sourcecode.swift; path = SceneDelegate.swift; sourceTree = "<group>"; };
		37D1144C257EBFA60039F77F /* Base */ = {isa = PBXFileReference; lastKnownFileType = file.storyboard; name = Base; path = Base.lproj/Main.storyboard; sourceTree = "<group>"; };
		37D1144E257EBFA80039F77F /* Assets.xcassets */ = {isa = PBXFileReference; lastKnownFileType = folder.assetcatalog; path = Assets.xcassets; sourceTree = "<group>"; };
		37D11451257EBFA80039F77F /* Base */ = {isa = PBXFileReference; lastKnownFileType = file.storyboard; name = Base; path = Base.lproj/LaunchScreen.storyboard; sourceTree = "<group>"; };
		37D11453257EBFA80039F77F /* Info.plist */ = {isa = PBXFileReference; lastKnownFileType = text.plist.xml; path = Info.plist; sourceTree = "<group>"; };
		37D1145D257EC08D0039F77F /* NewsTableViewController.swift */ = {isa = PBXFileReference; lastKnownFileType = sourcecode.swift; path = NewsTableViewController.swift; sourceTree = "<group>"; };
		37D11462257ED8160039F77F /* Article.swift */ = {isa = PBXFileReference; lastKnownFileType = sourcecode.swift; path = Article.swift; sourceTree = "<group>"; };
		37D1146C257EDA9F0039F77F /* URLRequest+Extensions.swift */ = {isa = PBXFileReference; lastKnownFileType = sourcecode.swift; path = "URLRequest+Extensions.swift"; sourceTree = "<group>"; };
		37D11471257EDDE20039F77F /* ArticleViewModel.swift */ = {isa = PBXFileReference; lastKnownFileType = sourcecode.swift; path = ArticleViewModel.swift; sourceTree = "<group>"; };
		37D11476257EE1240039F77F /* ArticleTableViewCell.swift */ = {isa = PBXFileReference; lastKnownFileType = sourcecode.swift; path = ArticleTableViewCell.swift; sourceTree = "<group>"; };
		873350625504F0BA0FDB16C8 /* Pods-NewsAppMVVM.release.xcconfig */ = {isa = PBXFileReference; includeInIndex = 1; lastKnownFileType = text.xcconfig; name = "Pods-NewsAppMVVM.release.xcconfig"; path = "Target Support Files/Pods-NewsAppMVVM/Pods-NewsAppMVVM.release.xcconfig"; sourceTree = "<group>"; };
		B416E25623C27B08FCA8D591 /* Pods-NewsAppMVVM.debug.xcconfig */ = {isa = PBXFileReference; includeInIndex = 1; lastKnownFileType = text.xcconfig; name = "Pods-NewsAppMVVM.debug.xcconfig"; path = "Target Support Files/Pods-NewsAppMVVM/Pods-NewsAppMVVM.debug.xcconfig"; sourceTree = "<group>"; };
/* End PBXFileReference section */

/* Begin PBXFrameworksBuildPhase section */
		37D1143F257EBFA60039F77F /* Frameworks */ = {
			isa = PBXFrameworksBuildPhase;
			buildActionMask = 2147483647;
			files = (
				804A2850ABD2A7D5F829AB94 /* Pods_NewsAppMVVM.framework in Frameworks */,
			);
			runOnlyForDeploymentPostprocessing = 0;
		};
/* End PBXFrameworksBuildPhase section */

/* Begin PBXGroup section */
		37D11439257EBFA60039F77F = {
			isa = PBXGroup;
			children = (
				37D11444257EBFA60039F77F /* NewsAppMVVM */,
				37D11443257EBFA60039F77F /* Products */,
				6201C4A0A5B3B3589528C4DB /* Pods */,
				7E2B95298E88D0288D6AB070 /* Frameworks */,
			);
			sourceTree = "<group>";
		};
		37D11443257EBFA60039F77F /* Products */ = {
			isa = PBXGroup;
			children = (
				37D11442257EBFA60039F77F /* NewsAppMVVM.app */,
			);
			name = Products;
			sourceTree = "<group>";
		};
		37D11444257EBFA60039F77F /* NewsAppMVVM */ = {
			isa = PBXGroup;
			children = (
				37D11475257EE1170039F77F /* Cells */,
				37D11470257EDDC70039F77F /* ViewModels */,
				37D1146B257EDA3E0039F77F /* Extensions */,
				37D11461257ED7EA0039F77F /* Models */,
				37D1145B257EC00B0039F77F /* Controllers */,
				37D11445257EBFA60039F77F /* AppDelegate.swift */,
				37D11447257EBFA60039F77F /* SceneDelegate.swift */,
				37D1144B257EBFA60039F77F /* Main.storyboard */,
				37D1144E257EBFA80039F77F /* Assets.xcassets */,
				37D11450257EBFA80039F77F /* LaunchScreen.storyboard */,
				37D11453257EBFA80039F77F /* Info.plist */,
			);
			path = NewsAppMVVM;
			sourceTree = "<group>";
		};
		37D1145B257EC00B0039F77F /* Controllers */ = {
			isa = PBXGroup;
			children = (
				37D1145D257EC08D0039F77F /* NewsTableViewController.swift */,
			);
			path = Controllers;
			sourceTree = "<group>";
		};
		37D11461257ED7EA0039F77F /* Models */ = {
			isa = PBXGroup;
			children = (
				37D11462257ED8160039F77F /* Article.swift */,
			);
			path = Models;
			sourceTree = "<group>";
		};
		37D1146B257EDA3E0039F77F /* Extensions */ = {
			isa = PBXGroup;
			children = (
				37D1146C257EDA9F0039F77F /* URLRequest+Extensions.swift */,
			);
			path = Extensions;
			sourceTree = "<group>";
		};
		37D11470257EDDC70039F77F /* ViewModels */ = {
			isa = PBXGroup;
			children = (
				37D11471257EDDE20039F77F /* ArticleViewModel.swift */,
			);
			path = ViewModels;
			sourceTree = "<group>";
		};
		37D11475257EE1170039F77F /* Cells */ = {
			isa = PBXGroup;
			children = (
				37D11476257EE1240039F77F /* ArticleTableViewCell.swift */,
			);
			path = Cells;
			sourceTree = "<group>";
		};
		6201C4A0A5B3B3589528C4DB /* Pods */ = {
			isa = PBXGroup;
			children = (
				B416E25623C27B08FCA8D591 /* Pods-NewsAppMVVM.debug.xcconfig */,
				873350625504F0BA0FDB16C8 /* Pods-NewsAppMVVM.release.xcconfig */,
			);
			path = Pods;
			sourceTree = "<group>";
		};
		7E2B95298E88D0288D6AB070 /* Frameworks */ = {
			isa = PBXGroup;
			children = (
				0C703E4A00F5BC1A40628020 /* Pods_NewsAppMVVM.framework */,
			);
			name = Frameworks;
			sourceTree = "<group>";
		};
/* End PBXGroup section */

/* Begin PBXNativeTarget section */
		37D11441257EBFA60039F77F /* NewsAppMVVM */ = {
			isa = PBXNativeTarget;
			buildConfigurationList = 37D11456257EBFA80039F77F /* Build configuration list for PBXNativeTarget "NewsAppMVVM" */;
			buildPhases = (
				D3F107CDFF58079183CD8289 /* [CP] Check Pods Manifest.lock */,
				37D1143E257EBFA60039F77F /* Sources */,
				37D1143F257EBFA60039F77F /* Frameworks */,
				37D11440257EBFA60039F77F /* Resources */,
				6B1FA19CDD470BEED7B95E40 /* [CP] Embed Pods Frameworks */,
			);
			buildRules = (
			);
			dependencies = (
			);
			name = NewsAppMVVM;
			productName = NewsAppMVVM;
			productReference = 37D11442257EBFA60039F77F /* NewsAppMVVM.app */;
			productType = "com.apple.product-type.application";
		};
/* End PBXNativeTarget section */

/* Begin PBXProject section */
		37D1143A257EBFA60039F77F /* Project object */ = {
			isa = PBXProject;
			attributes = {
				LastSwiftUpdateCheck = 1220;
				LastUpgradeCheck = 1220;
				TargetAttributes = {
					37D11441257EBFA60039F77F = {
						CreatedOnToolsVersion = 12.2;
					};
				};
			};
			buildConfigurationList = 37D1143D257EBFA60039F77F /* Build configuration list for PBXProject "NewsAppMVVM" */;
			compatibilityVersion = "Xcode 9.3";
			developmentRegion = en;
			hasScannedForEncodings = 0;
			knownRegions = (
				en,
				Base,
			);
			mainGroup = 37D11439257EBFA60039F77F;
			productRefGroup = 37D11443257EBFA60039F77F /* Products */;
			projectDirPath = "";
			projectRoot = "";
			targets = (
				37D11441257EBFA60039F77F /* NewsAppMVVM */,
			);
		};
/* End PBXProject section */

/* Begin PBXResourcesBuildPhase section */
		37D11440257EBFA60039F77F /* Resources */ = {
			isa = PBXResourcesBuildPhase;
			buildActionMask = 2147483647;
			files = (
				37D11452257EBFA80039F77F /* LaunchScreen.storyboard in Resources */,
				37D1144F257EBFA80039F77F /* Assets.xcassets in Resources */,
				37D1144D257EBFA60039F77F /* Main.storyboard in Resources */,
			);
			runOnlyForDeploymentPostprocessing = 0;
		};
/* End PBXResourcesBuildPhase section */

/* Begin PBXShellScriptBuildPhase section */
		6B1FA19CDD470BEED7B95E40 /* [CP] Embed Pods Frameworks */ = {
			isa = PBXShellScriptBuildPhase;
			buildActionMask = 2147483647;
			files = (
			);
			inputFileListPaths = (
				"${PODS_ROOT}/Target Support Files/Pods-NewsAppMVVM/Pods-NewsAppMVVM-frameworks-${CONFIGURATION}-input-files.xcfilelist",
			);
			name = "[CP] Embed Pods Frameworks";
			outputFileListPaths = (
				"${PODS_ROOT}/Target Support Files/Pods-NewsAppMVVM/Pods-NewsAppMVVM-frameworks-${CONFIGURATION}-output-files.xcfilelist",
			);
			runOnlyForDeploymentPostprocessing = 0;
			shellPath = /bin/sh;
			shellScript = "\"${PODS_ROOT}/Target Support Files/Pods-NewsAppMVVM/Pods-NewsAppMVVM-frameworks.sh\"\n";
			showEnvVarsInLog = 0;
		};
		D3F107CDFF58079183CD8289 /* [CP] Check Pods Manifest.lock */ = {
			isa = PBXShellScriptBuildPhase;
			buildActionMask = 2147483647;
			files = (
			);
			inputFileListPaths = (
			);
			inputPaths = (
				"${PODS_PODFILE_DIR_PATH}/Podfile.lock",
				"${PODS_ROOT}/Manifest.lock",
			);
			name = "[CP] Check Pods Manifest.lock";
			outputFileListPaths = (
			);
			outputPaths = (
				"$(DERIVED_FILE_DIR)/Pods-NewsAppMVVM-checkManifestLockResult.txt",
			);
			runOnlyForDeploymentPostprocessing = 0;
			shellPath = /bin/sh;
			shellScript = "diff \"${PODS_PODFILE_DIR_PATH}/Podfile.lock\" \"${PODS_ROOT}/Manifest.lock\" > /dev/null\nif [ $? != 0 ] ; then\n    # print error to STDERR\n    echo \"error: The sandbox is not in sync with the Podfile.lock. Run 'pod install' or update your CocoaPods installation.\" >&2\n    exit 1\nfi\n# This output is used by Xcode 'outputs' to avoid re-running this script phase.\necho \"SUCCESS\" > \"${SCRIPT_OUTPUT_FILE_0}\"\n";
			showEnvVarsInLog = 0;
		};
/* End PBXShellScriptBuildPhase section */

/* Begin PBXSourcesBuildPhase section */
		37D1143E257EBFA60039F77F /* Sources */ = {
			isa = PBXSourcesBuildPhase;
			buildActionMask = 2147483647;
			files = (
				37D11463257ED8160039F77F /* Article.swift in Sources */,
				37D11446257EBFA60039F77F /* AppDelegate.swift in Sources */,
				37D11448257EBFA60039F77F /* SceneDelegate.swift in Sources */,
				37D11472257EDDE20039F77F /* ArticleViewModel.swift in Sources */,
				37D1146D257EDA9F0039F77F /* URLRequest+Extensions.swift in Sources */,
				37D11477257EE1240039F77F /* ArticleTableViewCell.swift in Sources */,
				37D1145E257EC08D0039F77F /* NewsTableViewController.swift in Sources */,
			);
			runOnlyForDeploymentPostprocessing = 0;
		};
/* End PBXSourcesBuildPhase section */

/* Begin PBXVariantGroup section */
		37D1144B257EBFA60039F77F /* Main.storyboard */ = {
			isa = PBXVariantGroup;
			children = (
				37D1144C257EBFA60039F77F /* Base */,
			);
			name = Main.storyboard;
			sourceTree = "<group>";
		};
		37D11450257EBFA80039F77F /* LaunchScreen.storyboard */ = {
			isa = PBXVariantGroup;
			children = (
				37D11451257EBFA80039F77F /* Base */,
			);
			name = LaunchScreen.storyboard;
			sourceTree = "<group>";
		};
/* End PBXVariantGroup section */

/* Begin XCBuildConfiguration section */
		37D11454257EBFA80039F77F /* Debug */ = {
			isa = XCBuildConfiguration;
			buildSettings = {
				ALWAYS_SEARCH_USER_PATHS = NO;
				CLANG_ANALYZER_NONNULL = YES;
				CLANG_ANALYZER_NUMBER_OBJECT_CONVERSION = YES_AGGRESSIVE;
				CLANG_CXX_LANGUAGE_STANDARD = "gnu++14";
				CLANG_CXX_LIBRARY = "libc++";
				CLANG_ENABLE_MODULES = YES;
				CLANG_ENABLE_OBJC_ARC = YES;
				CLANG_ENABLE_OBJC_WEAK = YES;
				CLANG_WARN_BLOCK_CAPTURE_AUTORELEASING = YES;
				CLANG_WARN_BOOL_CONVERSION = YES;
				CLANG_WARN_COMMA = YES;
				CLANG_WARN_CONSTANT_CONVERSION = YES;
				CLANG_WARN_DEPRECATED_OBJC_IMPLEMENTATIONS = YES;
				CLANG_WARN_DIRECT_OBJC_ISA_USAGE = YES_ERROR;
				CLANG_WARN_DOCUMENTATION_COMMENTS = YES;
				CLANG_WARN_EMPTY_BODY = YES;
				CLANG_WARN_ENUM_CONVERSION = YES;
				CLANG_WARN_INFINITE_RECURSION = YES;
				CLANG_WARN_INT_CONVERSION = YES;
				CLANG_WARN_NON_LITERAL_NULL_CONVERSION = YES;
				CLANG_WARN_OBJC_IMPLICIT_RETAIN_SELF = YES;
				CLANG_WARN_OBJC_LITERAL_CONVERSION = YES;
				CLANG_WARN_OBJC_ROOT_CLASS = YES_ERROR;
				CLANG_WARN_QUOTED_INCLUDE_IN_FRAMEWORK_HEADER = YES;
				CLANG_WARN_RANGE_LOOP_ANALYSIS = YES;
				CLANG_WARN_STRICT_PROTOTYPES = YES;
				CLANG_WARN_SUSPICIOUS_MOVE = YES;
				CLANG_WARN_UNGUARDED_AVAILABILITY = YES_AGGRESSIVE;
				CLANG_WARN_UNREACHABLE_CODE = YES;
				CLANG_WARN__DUPLICATE_METHOD_MATCH = YES;
				COPY_PHASE_STRIP = NO;
				DEBUG_INFORMATION_FORMAT = dwarf;
				ENABLE_STRICT_OBJC_MSGSEND = YES;
				ENABLE_TESTABILITY = YES;
				GCC_C_LANGUAGE_STANDARD = gnu11;
				GCC_DYNAMIC_NO_PIC = NO;
				GCC_NO_COMMON_BLOCKS = YES;
				GCC_OPTIMIZATION_LEVEL = 0;
				GCC_PREPROCESSOR_DEFINITIONS = (
					"DEBUG=1",
					"$(inherited)",
				);
				GCC_WARN_64_TO_32_BIT_CONVERSION = YES;
				GCC_WARN_ABOUT_RETURN_TYPE = YES_ERROR;
				GCC_WARN_UNDECLARED_SELECTOR = YES;
				GCC_WARN_UNINITIALIZED_AUTOS = YES_AGGRESSIVE;
				GCC_WARN_UNUSED_FUNCTION = YES;
				GCC_WARN_UNUSED_VARIABLE = YES;
				IPHONEOS_DEPLOYMENT_TARGET = 14.2;
				MTL_ENABLE_DEBUG_INFO = INCLUDE_SOURCE;
				MTL_FAST_MATH = YES;
				ONLY_ACTIVE_ARCH = YES;
				SDKROOT = iphoneos;
				SWIFT_ACTIVE_COMPILATION_CONDITIONS = DEBUG;
				SWIFT_OPTIMIZATION_LEVEL = "-Onone";
			};
			name = Debug;
		};
		37D11455257EBFA80039F77F /* Release */ = {
			isa = XCBuildConfiguration;
			buildSettings = {
				ALWAYS_SEARCH_USER_PATHS = NO;
				CLANG_ANALYZER_NONNULL = YES;
				CLANG_ANALYZER_NUMBER_OBJECT_CONVERSION = YES_AGGRESSIVE;
				CLANG_CXX_LANGUAGE_STANDARD = "gnu++14";
				CLANG_CXX_LIBRARY = "libc++";
				CLANG_ENABLE_MODULES = YES;
				CLANG_ENABLE_OBJC_ARC = YES;
				CLANG_ENABLE_OBJC_WEAK = YES;
				CLANG_WARN_BLOCK_CAPTURE_AUTORELEASING = YES;
				CLANG_WARN_BOOL_CONVERSION = YES;
				CLANG_WARN_COMMA = YES;
				CLANG_WARN_CONSTANT_CONVERSION = YES;
				CLANG_WARN_DEPRECATED_OBJC_IMPLEMENTATIONS = YES;
				CLANG_WARN_DIRECT_OBJC_ISA_USAGE = YES_ERROR;
				CLANG_WARN_DOCUMENTATION_COMMENTS = YES;
				CLANG_WARN_EMPTY_BODY = YES;
				CLANG_WARN_ENUM_CONVERSION = YES;
				CLANG_WARN_INFINITE_RECURSION = YES;
				CLANG_WARN_INT_CONVERSION = YES;
				CLANG_WARN_NON_LITERAL_NULL_CONVERSION = YES;
				CLANG_WARN_OBJC_IMPLICIT_RETAIN_SELF = YES;
				CLANG_WARN_OBJC_LITERAL_CONVERSION = YES;
				CLANG_WARN_OBJC_ROOT_CLASS = YES_ERROR;
				CLANG_WARN_QUOTED_INCLUDE_IN_FRAMEWORK_HEADER = YES;
				CLANG_WARN_RANGE_LOOP_ANALYSIS = YES;
				CLANG_WARN_STRICT_PROTOTYPES = YES;
				CLANG_WARN_SUSPICIOUS_MOVE = YES;
				CLANG_WARN_UNGUARDED_AVAILABILITY = YES_AGGRESSIVE;
				CLANG_WARN_UNREACHABLE_CODE = YES;
				CLANG_WARN__DUPLICATE_METHOD_MATCH = YES;
				COPY_PHASE_STRIP = NO;
				DEBUG_INFORMATION_FORMAT = "dwarf-with-dsym";
				ENABLE_NS_ASSERTIONS = NO;
				ENABLE_STRICT_OBJC_MSGSEND = YES;
				GCC_C_LANGUAGE_STANDARD = gnu11;
				GCC_NO_COMMON_BLOCKS = YES;
				GCC_WARN_64_TO_32_BIT_CONVERSION = YES;
				GCC_WARN_ABOUT_RETURN_TYPE = YES_ERROR;
				GCC_WARN_UNDECLARED_SELECTOR = YES;
				GCC_WARN_UNINITIALIZED_AUTOS = YES_AGGRESSIVE;
				GCC_WARN_UNUSED_FUNCTION = YES;
				GCC_WARN_UNUSED_VARIABLE = YES;
				IPHONEOS_DEPLOYMENT_TARGET = 14.2;
				MTL_ENABLE_DEBUG_INFO = NO;
				MTL_FAST_MATH = YES;
				SDKROOT = iphoneos;
				SWIFT_COMPILATION_MODE = wholemodule;
				SWIFT_OPTIMIZATION_LEVEL = "-O";
				VALIDATE_PRODUCT = YES;
			};
			name = Release;
		};
		37D11457257EBFA80039F77F /* Debug */ = {
			isa = XCBuildConfiguration;
			baseConfigurationReference = B416E25623C27B08FCA8D591 /* Pods-NewsAppMVVM.debug.xcconfig */;
			buildSettings = {
				ASSETCATALOG_COMPILER_APPICON_NAME = AppIcon;
				ASSETCATALOG_COMPILER_GLOBAL_ACCENT_COLOR_NAME = AccentColor;
				CODE_SIGN_STYLE = Automatic;
				DEVELOPMENT_TEAM = 8PF4PD98CF;
				INFOPLIST_FILE = NewsAppMVVM/Info.plist;
				LD_RUNPATH_SEARCH_PATHS = (
					"$(inherited)",
					"@executable_path/Frameworks",
				);
				PRODUCT_BUNDLE_IDENTIFIER = com.paradabeltran.NewsAppMVVM;
				PRODUCT_NAME = "$(TARGET_NAME)";
				SWIFT_VERSION = 5.0;
				TARGETED_DEVICE_FAMILY = "1,2";
			};
			name = Debug;
		};
		37D11458257EBFA80039F77F /* Release */ = {
			isa = XCBuildConfiguration;
			baseConfigurationReference = 873350625504F0BA0FDB16C8 /* Pods-NewsAppMVVM.release.xcconfig */;
			buildSettings = {
				ASSETCATALOG_COMPILER_APPICON_NAME = AppIcon;
				ASSETCATALOG_COMPILER_GLOBAL_ACCENT_COLOR_NAME = AccentColor;
				CODE_SIGN_STYLE = Automatic;
				DEVELOPMENT_TEAM = 8PF4PD98CF;
				INFOPLIST_FILE = NewsAppMVVM/Info.plist;
				LD_RUNPATH_SEARCH_PATHS = (
					"$(inherited)",
					"@executable_path/Frameworks",
				);
				PRODUCT_BUNDLE_IDENTIFIER = com.paradabeltran.NewsAppMVVM;
				PRODUCT_NAME = "$(TARGET_NAME)";
				SWIFT_VERSION = 5.0;
				TARGETED_DEVICE_FAMILY = "1,2";
			};
			name = Release;
		};
/* End XCBuildConfiguration section */

/* Begin XCConfigurationList section */
		37D1143D257EBFA60039F77F /* Build configuration list for PBXProject "NewsAppMVVM" */ = {
			isa = XCConfigurationList;
			buildConfigurations = (
				37D11454257EBFA80039F77F /* Debug */,
				37D11455257EBFA80039F77F /* Release */,
			);
			defaultConfigurationIsVisible = 0;
			defaultConfigurationName = Release;
		};
		37D11456257EBFA80039F77F /* Build configuration list for PBXNativeTarget "NewsAppMVVM" */ = {
			isa = XCConfigurationList;
			buildConfigurations = (
				37D11457257EBFA80039F77F /* Debug */,
				37D11458257EBFA80039F77F /* Release */,
			);
			defaultConfigurationIsVisible = 0;
			defaultConfigurationName = Release;
		};
/* End XCConfigurationList section */
	};
	rootObject = 37D1143A257EBFA60039F77F /* Project object */;
}
